// !$*UTF8*$!
{
	archiveVersion = 1;
	classes = {
	};
	objectVersion = 46;
	objects = {

/* Begin PBXBuildFile section */
		2F1335361F8A6FC8001D8F35 /* small_settingspic.png in Resources */ = {isa = PBXBuildFile; fileRef = 2F1335351F8A6FC8001D8F35 /* small_settingspic.png */; };
		2F9D20D91F87D09100866E73 /* main.m in Sources */ = {isa = PBXBuildFile; fileRef = 2F9D20D81F87D09100866E73 /* main.m */; };
		2F9D20DC1F87D09100866E73 /* AppDelegate.m in Sources */ = {isa = PBXBuildFile; fileRef = 2F9D20DB1F87D09100866E73 /* AppDelegate.m */; };
		2F9D20E21F87D09100866E73 /* Main.storyboard in Resources */ = {isa = PBXBuildFile; fileRef = 2F9D20E01F87D09100866E73 /* Main.storyboard */; };
		2F9D20E51F87D09100866E73 /* currency_rates.xcdatamodeld in Sources */ = {isa = PBXBuildFile; fileRef = 2F9D20E31F87D09100866E73 /* currency_rates.xcdatamodeld */; };
		2F9D20E71F87D09100866E73 /* Assets.xcassets in Resources */ = {isa = PBXBuildFile; fileRef = 2F9D20E61F87D09100866E73 /* Assets.xcassets */; };
		2F9D20EA1F87D09100866E73 /* LaunchScreen.storyboard in Resources */ = {isa = PBXBuildFile; fileRef = 2F9D20E81F87D09100866E73 /* LaunchScreen.storyboard */; };
		2F9D20F81F87D40F00866E73 /* libsqlite3.tbd in Frameworks */ = {isa = PBXBuildFile; fileRef = 2F9D20F71F87D40F00866E73 /* libsqlite3.tbd */; };
		2F9D21061F89043B00866E73 /* CurrencyRate.m in Sources */ = {isa = PBXBuildFile; fileRef = 2F9D21051F89043B00866E73 /* CurrencyRate.m */; };
		2F9D210F1F892F6300866E73 /* APIClient.m in Sources */ = {isa = PBXBuildFile; fileRef = 2F9D210C1F892F6300866E73 /* APIClient.m */; };
		2F9D21101F892F6300866E73 /* DBManager.m in Sources */ = {isa = PBXBuildFile; fileRef = 2F9D210E1F892F6300866E73 /* DBManager.m */; };
		2F9D21161F89554500866E73 /* CurrencyRateTableViewController.m in Sources */ = {isa = PBXBuildFile; fileRef = 2F9D21151F89554500866E73 /* CurrencyRateTableViewController.m */; };
		2F9D21191F8A016600866E73 /* CurrencyListTableViewCell.m in Sources */ = {isa = PBXBuildFile; fileRef = 2F9D21181F8A016600866E73 /* CurrencyListTableViewCell.m */; };
		A5B3740D8AE1D71096729314 /* libPods-currency-rates.a in Frameworks */ = {isa = PBXBuildFile; fileRef = 69A9E1263F9A07DE672FBD77 /* libPods-currency-rates.a */; };
/* End PBXBuildFile section */

/* Begin PBXFileReference section */
		2F1335351F8A6FC8001D8F35 /* small_settingspic.png */ = {isa = PBXFileReference; lastKnownFileType = image.png; name = small_settingspic.png; path = ../../../../Downloads/small_settingspic.png; sourceTree = "<group>"; };
		2F9D20D41F87D09100866E73 /* currency-rates.app */ = {isa = PBXFileReference; explicitFileType = wrapper.application; includeInIndex = 0; path = "currency-rates.app"; sourceTree = BUILT_PRODUCTS_DIR; };
		2F9D20D81F87D09100866E73 /* main.m */ = {isa = PBXFileReference; lastKnownFileType = sourcecode.c.objc; path = main.m; sourceTree = "<group>"; };
		2F9D20DA1F87D09100866E73 /* AppDelegate.h */ = {isa = PBXFileReference; lastKnownFileType = sourcecode.c.h; path = AppDelegate.h; sourceTree = "<group>"; };
		2F9D20DB1F87D09100866E73 /* AppDelegate.m */ = {isa = PBXFileReference; lastKnownFileType = sourcecode.c.objc; path = AppDelegate.m; sourceTree = "<group>"; };
		2F9D20E11F87D09100866E73 /* Base */ = {isa = PBXFileReference; lastKnownFileType = file.storyboard; name = Base; path = Base.lproj/Main.storyboard; sourceTree = "<group>"; };
		2F9D20E41F87D09100866E73 /* currency_rates.xcdatamodel */ = {isa = PBXFileReference; lastKnownFileType = wrapper.xcdatamodel; path = currency_rates.xcdatamodel; sourceTree = "<group>"; };
		2F9D20E61F87D09100866E73 /* Assets.xcassets */ = {isa = PBXFileReference; lastKnownFileType = folder.assetcatalog; path = Assets.xcassets; sourceTree = "<group>"; };
		2F9D20E91F87D09100866E73 /* Base */ = {isa = PBXFileReference; lastKnownFileType = file.storyboard; name = Base; path = Base.lproj/LaunchScreen.storyboard; sourceTree = "<group>"; };
		2F9D20EB1F87D09100866E73 /* Info.plist */ = {isa = PBXFileReference; lastKnownFileType = text.plist.xml; path = Info.plist; sourceTree = "<group>"; };
		2F9D20F71F87D40F00866E73 /* libsqlite3.tbd */ = {isa = PBXFileReference; lastKnownFileType = "sourcecode.text-based-dylib-definition"; name = libsqlite3.tbd; path = usr/lib/libsqlite3.tbd; sourceTree = SDKROOT; };
		2F9D21041F89043B00866E73 /* CurrencyRate.h */ = {isa = PBXFileReference; fileEncoding = 4; lastKnownFileType = sourcecode.c.h; path = CurrencyRate.h; sourceTree = "<group>"; };
		2F9D21051F89043B00866E73 /* CurrencyRate.m */ = {isa = PBXFileReference; fileEncoding = 4; lastKnownFileType = sourcecode.c.objc; path = CurrencyRate.m; sourceTree = "<group>"; };
		2F9D210B1F892F6300866E73 /* APIClient.h */ = {isa = PBXFileReference; fileEncoding = 4; lastKnownFileType = sourcecode.c.h; path = APIClient.h; sourceTree = "<group>"; };
		2F9D210C1F892F6300866E73 /* APIClient.m */ = {isa = PBXFileReference; fileEncoding = 4; lastKnownFileType = sourcecode.c.objc; path = APIClient.m; sourceTree = "<group>"; };
		2F9D210D1F892F6300866E73 /* DBManager.h */ = {isa = PBXFileReference; fileEncoding = 4; lastKnownFileType = sourcecode.c.h; path = DBManager.h; sourceTree = "<group>"; };
		2F9D210E1F892F6300866E73 /* DBManager.m */ = {isa = PBXFileReference; fileEncoding = 4; lastKnownFileType = sourcecode.c.objc; path = DBManager.m; sourceTree = "<group>"; };
		2F9D21141F89554500866E73 /* CurrencyRateTableViewController.h */ = {isa = PBXFileReference; fileEncoding = 4; lastKnownFileType = sourcecode.c.h; path = CurrencyRateTableViewController.h; sourceTree = "<group>"; };
		2F9D21151F89554500866E73 /* CurrencyRateTableViewController.m */ = {isa = PBXFileReference; fileEncoding = 4; lastKnownFileType = sourcecode.c.objc; path = CurrencyRateTableViewController.m; sourceTree = "<group>"; };
		2F9D21171F8A016600866E73 /* CurrencyListTableViewCell.h */ = {isa = PBXFileReference; fileEncoding = 4; lastKnownFileType = sourcecode.c.h; path = CurrencyListTableViewCell.h; sourceTree = "<group>"; };
		2F9D21181F8A016600866E73 /* CurrencyListTableViewCell.m */ = {isa = PBXFileReference; fileEncoding = 4; lastKnownFileType = sourcecode.c.objc; path = CurrencyListTableViewCell.m; sourceTree = "<group>"; };
		69A9E1263F9A07DE672FBD77 /* libPods-currency-rates.a */ = {isa = PBXFileReference; explicitFileType = archive.ar; includeInIndex = 0; path = "libPods-currency-rates.a"; sourceTree = BUILT_PRODUCTS_DIR; };
		E415180534A7A32E58C88AE2 /* Pods-currency-rates.debug.xcconfig */ = {isa = PBXFileReference; includeInIndex = 1; lastKnownFileType = text.xcconfig; name = "Pods-currency-rates.debug.xcconfig"; path = "Pods/Target Support Files/Pods-currency-rates/Pods-currency-rates.debug.xcconfig"; sourceTree = "<group>"; };
		FB9CD8B2449E099D534C6D9B /* Pods-currency-rates.release.xcconfig */ = {isa = PBXFileReference; includeInIndex = 1; lastKnownFileType = text.xcconfig; name = "Pods-currency-rates.release.xcconfig"; path = "Pods/Target Support Files/Pods-currency-rates/Pods-currency-rates.release.xcconfig"; sourceTree = "<group>"; };
/* End PBXFileReference section */

/* Begin PBXFrameworksBuildPhase section */
		2F9D20D11F87D09100866E73 /* Frameworks */ = {
			isa = PBXFrameworksBuildPhase;
			buildActionMask = 2147483647;
			files = (
				2F9D20F81F87D40F00866E73 /* libsqlite3.tbd in Frameworks */,
				A5B3740D8AE1D71096729314 /* libPods-currency-rates.a in Frameworks */,
			);
			runOnlyForDeploymentPostprocessing = 0;
		};
/* End PBXFrameworksBuildPhase section */

/* Begin PBXGroup section */
		1B6B0B4B95A2D8F093EF8AB0 /* Frameworks */ = {
			isa = PBXGroup;
			children = (
				2F9D20F71F87D40F00866E73 /* libsqlite3.tbd */,
				69A9E1263F9A07DE672FBD77 /* libPods-currency-rates.a */,
			);
			name = Frameworks;
			sourceTree = "<group>";
		};
		2F9D20CB1F87D09100866E73 = {
			isa = PBXGroup;
			children = (
				2F9D20D61F87D09100866E73 /* currency-rates */,
				2F9D20D51F87D09100866E73 /* Products */,
				DCCB97E591B9E76CABBB901D /* Pods */,
				1B6B0B4B95A2D8F093EF8AB0 /* Frameworks */,
			);
			sourceTree = "<group>";
		};
		2F9D20D51F87D09100866E73 /* Products */ = {
			isa = PBXGroup;
			children = (
				2F9D20D41F87D09100866E73 /* currency-rates.app */,
			);
			name = Products;
			sourceTree = "<group>";
		};
		2F9D20D61F87D09100866E73 /* currency-rates */ = {
			isa = PBXGroup;
			children = (
				2F9D210A1F892F6300866E73 /* Utils */,
				2F9D20F61F87D3A400866E73 /* Models */,
				2F9D20F41F87D39400866E73 /* ViewControllers */,
				2F9D20F51F87D39D00866E73 /* Views */,
				2F9D20DA1F87D09100866E73 /* AppDelegate.h */,
				2F9D20DB1F87D09100866E73 /* AppDelegate.m */,
				2F9D20E01F87D09100866E73 /* Main.storyboard */,
				2F9D20E61F87D09100866E73 /* Assets.xcassets */,
				2F1335351F8A6FC8001D8F35 /* small_settingspic.png */,
				2F9D20E81F87D09100866E73 /* LaunchScreen.storyboard */,
				2F9D20EB1F87D09100866E73 /* Info.plist */,
				2F9D20E31F87D09100866E73 /* currency_rates.xcdatamodeld */,
				2F9D20D71F87D09100866E73 /* Supporting Files */,
			);
			path = "currency-rates";
			sourceTree = "<group>";
		};
		2F9D20D71F87D09100866E73 /* Supporting Files */ = {
			isa = PBXGroup;
			children = (
				2F9D20D81F87D09100866E73 /* main.m */,
			);
			name = "Supporting Files";
			sourceTree = "<group>";
		};
		2F9D20F41F87D39400866E73 /* ViewControllers */ = {
			isa = PBXGroup;
			children = (
				2F9D21141F89554500866E73 /* CurrencyRateTableViewController.h */,
				2F9D21151F89554500866E73 /* CurrencyRateTableViewController.m */,
			);
			path = ViewControllers;
			sourceTree = "<group>";
		};
		2F9D20F51F87D39D00866E73 /* Views */ = {
			isa = PBXGroup;
			children = (
				2F9D21171F8A016600866E73 /* CurrencyListTableViewCell.h */,
				2F9D21181F8A016600866E73 /* CurrencyListTableViewCell.m */,
			);
			path = Views;
			sourceTree = "<group>";
		};
		2F9D20F61F87D3A400866E73 /* Models */ = {
			isa = PBXGroup;
			children = (
				2F9D21041F89043B00866E73 /* CurrencyRate.h */,
				2F9D21051F89043B00866E73 /* CurrencyRate.m */,
			);
			path = Models;
			sourceTree = "<group>";
		};
		2F9D210A1F892F6300866E73 /* Utils */ = {
			isa = PBXGroup;
			children = (
				2F9D210B1F892F6300866E73 /* APIClient.h */,
				2F9D210C1F892F6300866E73 /* APIClient.m */,
				2F9D210D1F892F6300866E73 /* DBManager.h */,
				2F9D210E1F892F6300866E73 /* DBManager.m */,
			);
			path = Utils;
			sourceTree = "<group>";
		};
		DCCB97E591B9E76CABBB901D /* Pods */ = {
			isa = PBXGroup;
			children = (
				E415180534A7A32E58C88AE2 /* Pods-currency-rates.debug.xcconfig */,
				FB9CD8B2449E099D534C6D9B /* Pods-currency-rates.release.xcconfig */,
			);
			name = Pods;
			sourceTree = "<group>";
		};
/* End PBXGroup section */

/* Begin PBXNativeTarget section */
		2F9D20D31F87D09100866E73 /* currency-rates */ = {
			isa = PBXNativeTarget;
			buildConfigurationList = 2F9D20EE1F87D09100866E73 /* Build configuration list for PBXNativeTarget "currency-rates" */;
			buildPhases = (
				8BB3B9F2B3536AC97D6DF15A /* [CP] Check Pods Manifest.lock */,
				2F9D20D01F87D09100866E73 /* Sources */,
				2F9D20D11F87D09100866E73 /* Frameworks */,
				2F9D20D21F87D09100866E73 /* Resources */,
				6224AC356EBBDF1A7DE13E05 /* [CP] Embed Pods Frameworks */,
				B49BC6CAE68E0CF8B8C7F1B8 /* [CP] Copy Pods Resources */,
			);
			buildRules = (
			);
			dependencies = (
			);
			name = "currency-rates";
			productName = "currency-rates";
			productReference = 2F9D20D41F87D09100866E73 /* currency-rates.app */;
			productType = "com.apple.product-type.application";
		};
/* End PBXNativeTarget section */

/* Begin PBXProject section */
		2F9D20CC1F87D09100866E73 /* Project object */ = {
			isa = PBXProject;
			attributes = {
				LastUpgradeCheck = 0820;
				ORGANIZATIONNAME = Kenzhebekova;
				TargetAttributes = {
					2F9D20D31F87D09100866E73 = {
						CreatedOnToolsVersion = 8.2.1;
						DevelopmentTeam = Z3U5G4X94F;
						ProvisioningStyle = Automatic;
					};
				};
			};
			buildConfigurationList = 2F9D20CF1F87D09100866E73 /* Build configuration list for PBXProject "currency-rates" */;
			compatibilityVersion = "Xcode 3.2";
			developmentRegion = English;
			hasScannedForEncodings = 0;
			knownRegions = (
				en,
				Base,
			);
			mainGroup = 2F9D20CB1F87D09100866E73;
			productRefGroup = 2F9D20D51F87D09100866E73 /* Products */;
			projectDirPath = "";
			projectRoot = "";
			targets = (
				2F9D20D31F87D09100866E73 /* currency-rates */,
			);
		};
/* End PBXProject section */

/* Begin PBXResourcesBuildPhase section */
		2F9D20D21F87D09100866E73 /* Resources */ = {
			isa = PBXResourcesBuildPhase;
			buildActionMask = 2147483647;
			files = (
				2F1335361F8A6FC8001D8F35 /* small_settingspic.png in Resources */,
				2F9D20EA1F87D09100866E73 /* LaunchScreen.storyboard in Resources */,
				2F9D20E71F87D09100866E73 /* Assets.xcassets in Resources */,
				2F9D20E21F87D09100866E73 /* Main.storyboard in Resources */,
			);
			runOnlyForDeploymentPostprocessing = 0;
		};
/* End PBXResourcesBuildPhase section */

/* Begin PBXShellScriptBuildPhase section */
		6224AC356EBBDF1A7DE13E05 /* [CP] Embed Pods Frameworks */ = {
			isa = PBXShellScriptBuildPhase;
			buildActionMask = 2147483647;
			files = (
			);
			inputPaths = (
			);
			name = "[CP] Embed Pods Frameworks";
			outputPaths = (
			);
			runOnlyForDeploymentPostprocessing = 0;
			shellPath = /bin/sh;
			shellScript = "\"${SRCROOT}/Pods/Target Support Files/Pods-currency-rates/Pods-currency-rates-frameworks.sh\"\n";
			showEnvVarsInLog = 0;
		};
		8BB3B9F2B3536AC97D6DF15A /* [CP] Check Pods Manifest.lock */ = {
			isa = PBXShellScriptBuildPhase;
			buildActionMask = 2147483647;
			files = (
			);
			inputPaths = (
			);
			name = "[CP] Check Pods Manifest.lock";
			outputPaths = (
			);
			runOnlyForDeploymentPostprocessing = 0;
			shellPath = /bin/sh;
			shellScript = "diff \"${PODS_PODFILE_DIR_PATH}/Podfile.lock\" \"${PODS_ROOT}/Manifest.lock\" > /dev/null\nif [ $? != 0 ] ; then\n    # print error to STDERR\n    echo \"error: The sandbox is not in sync with the Podfile.lock. Run 'pod install' or update your CocoaPods installation.\" >&2\n    exit 1\nfi\n";
			showEnvVarsInLog = 0;
		};
		B49BC6CAE68E0CF8B8C7F1B8 /* [CP] Copy Pods Resources */ = {
			isa = PBXShellScriptBuildPhase;
			buildActionMask = 2147483647;
			files = (
			);
			inputPaths = (
			);
			name = "[CP] Copy Pods Resources";
			outputPaths = (
			);
			runOnlyForDeploymentPostprocessing = 0;
			shellPath = /bin/sh;
			shellScript = "\"${SRCROOT}/Pods/Target Support Files/Pods-currency-rates/Pods-currency-rates-resources.sh\"\n";
			showEnvVarsInLog = 0;
		};
/* End PBXShellScriptBuildPhase section */

/* Begin PBXSourcesBuildPhase section */
		2F9D20D01F87D09100866E73 /* Sources */ = {
			isa = PBXSourcesBuildPhase;
			buildActionMask = 2147483647;
			files = (
				2F9D21191F8A016600866E73 /* CurrencyListTableViewCell.m in Sources */,
				2F9D21101F892F6300866E73 /* DBManager.m in Sources */,
				2F9D21061F89043B00866E73 /* CurrencyRate.m in Sources */,
				2F9D21161F89554500866E73 /* CurrencyRateTableViewController.m in Sources */,
				2F9D210F1F892F6300866E73 /* APIClient.m in Sources */,
				2F9D20E51F87D09100866E73 /* currency_rates.xcdatamodeld in Sources */,
				2F9D20DC1F87D09100866E73 /* AppDelegate.m in Sources */,
				2F9D20D91F87D09100866E73 /* main.m in Sources */,
			);
			runOnlyForDeploymentPostprocessing = 0;
		};
/* End PBXSourcesBuildPhase section */

/* Begin PBXVariantGroup section */
		2F9D20E01F87D09100866E73 /* Main.storyboard */ = {
			isa = PBXVariantGroup;
			children = (
				2F9D20E11F87D09100866E73 /* Base */,
			);
			name = Main.storyboard;
			sourceTree = "<group>";
		};
		2F9D20E81F87D09100866E73 /* LaunchScreen.storyboard */ = {
			isa = PBXVariantGroup;
			children = (
				2F9D20E91F87D09100866E73 /* Base */,
			);
			name = LaunchScreen.storyboard;
			sourceTree = "<group>";
		};
/* End PBXVariantGroup section */

/* Begin XCBuildConfiguration section */
		2F9D20EC1F87D09100866E73 /* Debug */ = {
			isa = XCBuildConfiguration;
			buildSettings = {
				ALWAYS_SEARCH_USER_PATHS = NO;
				CLANG_ANALYZER_NONNULL = YES;
				CLANG_CXX_LANGUAGE_STANDARD = "gnu++0x";
				CLANG_CXX_LIBRARY = "libc++";
				CLANG_ENABLE_MODULES = YES;
				CLANG_ENABLE_OBJC_ARC = YES;
				CLANG_WARN_BOOL_CONVERSION = YES;
				CLANG_WARN_CONSTANT_CONVERSION = YES;
				CLANG_WARN_DIRECT_OBJC_ISA_USAGE = YES_ERROR;
				CLANG_WARN_DOCUMENTATION_COMMENTS = YES;
				CLANG_WARN_EMPTY_BODY = YES;
				CLANG_WARN_ENUM_CONVERSION = YES;
				CLANG_WARN_INFINITE_RECURSION = YES;
				CLANG_WARN_INT_CONVERSION = YES;
				CLANG_WARN_OBJC_ROOT_CLASS = YES_ERROR;
				CLANG_WARN_SUSPICIOUS_MOVE = YES;
				CLANG_WARN_UNREACHABLE_CODE = YES;
				CLANG_WARN__DUPLICATE_METHOD_MATCH = YES;
				"CODE_SIGN_IDENTITY[sdk=iphoneos*]" = "iPhone Developer";
				COPY_PHASE_STRIP = NO;
				DEBUG_INFORMATION_FORMAT = dwarf;
				ENABLE_STRICT_OBJC_MSGSEND = YES;
				ENABLE_TESTABILITY = YES;
				GCC_C_LANGUAGE_STANDARD = gnu99;
				GCC_DYNAMIC_NO_PIC = NO;
				GCC_NO_COMMON_BLOCKS = YES;
				GCC_OPTIMIZATION_LEVEL = 0;
				GCC_PREPROCESSOR_DEFINITIONS = (
					"DEBUG=1",
					"$(inherited)",
				);
				GCC_WARN_64_TO_32_BIT_CONVERSION = YES;
				GCC_WARN_ABOUT_RETURN_TYPE = YES_ERROR;
				GCC_WARN_UNDECLARED_SELECTOR = YES;
				GCC_WARN_UNINITIALIZED_AUTOS = YES_AGGRESSIVE;
				GCC_WARN_UNUSED_FUNCTION = YES;
				GCC_WARN_UNUSED_VARIABLE = YES;
				IPHONEOS_DEPLOYMENT_TARGET = 10.2;
				MTL_ENABLE_DEBUG_INFO = YES;
				ONLY_ACTIVE_ARCH = YES;
				SDKROOT = iphoneos;
			};
			name = Debug;
		};
		2F9D20ED1F87D09100866E73 /* Release */ = {
			isa = XCBuildConfiguration;
			buildSettings = {
				ALWAYS_SEARCH_USER_PATHS = NO;
				CLANG_ANALYZER_NONNULL = YES;
				CLANG_CXX_LANGUAGE_STANDARD = "gnu++0x";
				CLANG_CXX_LIBRARY = "libc++";
				CLANG_ENABLE_MODULES = YES;
				CLANG_ENABLE_OBJC_ARC = YES;
				CLANG_WARN_BOOL_CONVERSION = YES;
				CLANG_WARN_CONSTANT_CONVERSION = YES;
				CLANG_WARN_DIRECT_OBJC_ISA_USAGE = YES_ERROR;
				CLANG_WARN_DOCUMENTATION_COMMENTS = YES;
				CLANG_WARN_EMPTY_BODY = YES;
				CLANG_WARN_ENUM_CONVERSION = YES;
				CLANG_WARN_INFINITE_RECURSION = YES;
				CLANG_WARN_INT_CONVERSION = YES;
				CLANG_WARN_OBJC_ROOT_CLASS = YES_ERROR;
				CLANG_WARN_SUSPICIOUS_MOVE = YES;
				CLANG_WARN_UNREACHABLE_CODE = YES;
				CLANG_WARN__DUPLICATE_METHOD_MATCH = YES;
				"CODE_SIGN_IDENTITY[sdk=iphoneos*]" = "iPhone Developer";
				COPY_PHASE_STRIP = NO;
				DEBUG_INFORMATION_FORMAT = "dwarf-with-dsym";
				ENABLE_NS_ASSERTIONS = NO;
				ENABLE_STRICT_OBJC_MSGSEND = YES;
				GCC_C_LANGUAGE_STANDARD = gnu99;
				GCC_NO_COMMON_BLOCKS = YES;
				GCC_WARN_64_TO_32_BIT_CONVERSION = YES;
				GCC_WARN_ABOUT_RETURN_TYPE = YES_ERROR;
				GCC_WARN_UNDECLARED_SELECTOR = YES;
				GCC_WARN_UNINITIALIZED_AUTOS = YES_AGGRESSIVE;
				GCC_WARN_UNUSED_FUNCTION = YES;
				GCC_WARN_UNUSED_VARIABLE = YES;
				IPHONEOS_DEPLOYMENT_TARGET = 10.2;
				MTL_ENABLE_DEBUG_INFO = NO;
				SDKROOT = iphoneos;
				VALIDATE_PRODUCT = YES;
			};
			name = Release;
		};
		2F9D20EF1F87D09100866E73 /* Debug */ = {
			isa = XCBuildConfiguration;
			baseConfigurationReference = E415180534A7A32E58C88AE2 /* Pods-currency-rates.debug.xcconfig */;
			buildSettings = {
				ASSETCATALOG_COMPILER_APPICON_NAME = AppIcon;
				DEVELOPMENT_TEAM = Z3U5G4X94F;
				INFOPLIST_FILE = "currency-rates/Info.plist";
				LD_RUNPATH_SEARCH_PATHS = "$(inherited) @executable_path/Frameworks";
				PRODUCT_BUNDLE_IDENTIFIER = "com.kenzhebekova.currency-rates";
				PRODUCT_NAME = "$(TARGET_NAME)";
			};
			name = Debug;
		};
		2F9D20F01F87D09100866E73 /* Release */ = {
			isa = XCBuildConfiguration;
			baseConfigurationReference = FB9CD8B2449E099D534C6D9B /* Pods-currency-rates.release.xcconfig */;
			buildSettings = {
				ASSETCATALOG_COMPILER_APPICON_NAME = AppIcon;
				DEVELOPMENT_TEAM = Z3U5G4X94F;
				INFOPLIST_FILE = "currency-rates/Info.plist";
				LD_RUNPATH_SEARCH_PATHS = "$(inherited) @executable_path/Frameworks";
				PRODUCT_BUNDLE_IDENTIFIER = "com.kenzhebekova.currency-rates";
				PRODUCT_NAME = "$(TARGET_NAME)";
			};
			name = Release;
		};
/* End XCBuildConfiguration section */

/* Begin XCConfigurationList section */
		2F9D20CF1F87D09100866E73 /* Build configuration list for PBXProject "currency-rates" */ = {
			isa = XCConfigurationList;
			buildConfigurations = (
				2F9D20EC1F87D09100866E73 /* Debug */,
				2F9D20ED1F87D09100866E73 /* Release */,
			);
			defaultConfigurationIsVisible = 0;
			defaultConfigurationName = Release;
		};
		2F9D20EE1F87D09100866E73 /* Build configuration list for PBXNativeTarget "currency-rates" */ = {
			isa = XCConfigurationList;
			buildConfigurations = (
				2F9D20EF1F87D09100866E73 /* Debug */,
				2F9D20F01F87D09100866E73 /* Release */,
			);
			defaultConfigurationIsVisible = 0;
			defaultConfigurationName = Release;
		};
/* End XCConfigurationList section */

/* Begin XCVersionGroup section */
		2F9D20E31F87D09100866E73 /* currency_rates.xcdatamodeld */ = {
			isa = XCVersionGroup;
			children = (
				2F9D20E41F87D09100866E73 /* currency_rates.xcdatamodel */,
			);
			currentVersion = 2F9D20E41F87D09100866E73 /* currency_rates.xcdatamodel */;
			path = currency_rates.xcdatamodeld;
			sourceTree = "<group>";
			versionGroupType = wrapper.xcdatamodel;
		};
/* End XCVersionGroup section */
	};
	rootObject = 2F9D20CC1F87D09100866E73 /* Project object */;
}
